
Microsoft Visual Studio Solution File, Format Version 12.00
# Visual Studio Version 17
VisualStudioVersion = 17.0.31903.59
MinimumVisualStudioVersion = 10.0.40219.1
Project("{2150E333-8FDC-42A3-9474-1A3956D46DE8}") = "server", "server", "{C93AB3A9-F047-4F1B-9D3F-F3E26481B7C9}"
EndProject
Project("{FAE04EC0-301F-11D3-BF4B-00C04F79EFBC}") = "Almostengr.Common.Twitter", "server\Almostengr.Common.Twitter\Almostengr.Common.Twitter.csproj", "{2CBA9E5A-66A7-4A38-9ACC-D03717925F0D}"
EndProject
Project("{FAE04EC0-301F-11D3-BF4B-00C04F79EFBC}") = "Almostengr.GardenMgr.Api", "server\Almostengr.GardenMgr.Api\Almostengr.GardenMgr.Api.csproj", "{B90CFA6F-B7E2-4BDC-9D88-2CB3F697E050}"
EndProject
Project("{FAE04EC0-301F-11D3-BF4B-00C04F79EFBC}") = "Almostengr.GardenMgr.Web", "server\Almostengr.GardenMgr.Web\Almostengr.GardenMgr.Web.csproj", "{D7C20657-DE03-4FB5-BC02-3FD80387CD4D}"
EndProject
Global
	GlobalSection(SolutionConfigurationPlatforms) = preSolution
		Debug|Any CPU = Debug|Any CPU
		Release|Any CPU = Release|Any CPU
	EndGlobalSection
	GlobalSection(SolutionProperties) = preSolution
		HideSolutionNode = FALSE
	EndGlobalSection
	GlobalSection(ProjectConfigurationPlatforms) = postSolution
		{2CBA9E5A-66A7-4A38-9ACC-D03717925F0D}.Debug|Any CPU.ActiveCfg = Debug|Any CPU
		{2CBA9E5A-66A7-4A38-9ACC-D03717925F0D}.Debug|Any CPU.Build.0 = Debug|Any CPU
		{2CBA9E5A-66A7-4A38-9ACC-D03717925F0D}.Release|Any CPU.ActiveCfg = Release|Any CPU
		{2CBA9E5A-66A7-4A38-9ACC-D03717925F0D}.Release|Any CPU.Build.0 = Release|Any CPU
		{B90CFA6F-B7E2-4BDC-9D88-2CB3F697E050}.Debug|Any CPU.ActiveCfg = Debug|Any CPU
		{B90CFA6F-B7E2-4BDC-9D88-2CB3F697E050}.Debug|Any CPU.Build.0 = Debug|Any CPU
		{B90CFA6F-B7E2-4BDC-9D88-2CB3F697E050}.Release|Any CPU.ActiveCfg = Release|Any CPU
		{B90CFA6F-B7E2-4BDC-9D88-2CB3F697E050}.Release|Any CPU.Build.0 = Release|Any CPU
		{D7C20657-DE03-4FB5-BC02-3FD80387CD4D}.Debug|Any CPU.ActiveCfg = Debug|Any CPU
		{D7C20657-DE03-4FB5-BC02-3FD80387CD4D}.Debug|Any CPU.Build.0 = Debug|Any CPU
		{D7C20657-DE03-4FB5-BC02-3FD80387CD4D}.Release|Any CPU.ActiveCfg = Release|Any CPU
		{D7C20657-DE03-4FB5-BC02-3FD80387CD4D}.Release|Any CPU.Build.0 = Release|Any CPU
	EndGlobalSection
	GlobalSection(NestedProjects) = preSolution
		{2CBA9E5A-66A7-4A38-9ACC-D03717925F0D} = {C93AB3A9-F047-4F1B-9D3F-F3E26481B7C9}
		{B90CFA6F-B7E2-4BDC-9D88-2CB3F697E050} = {C93AB3A9-F047-4F1B-9D3F-F3E26481B7C9}
		{D7C20657-DE03-4FB5-BC02-3FD80387CD4D} = {C93AB3A9-F047-4F1B-9D3F-F3E26481B7C9}
	EndGlobalSection
EndGlobal
