
Microsoft Visual Studio Solution File, Format Version 12.00
# Visual Studio Version 16
VisualStudioVersion = 16.0.30114.105
MinimumVisualStudioVersion = 10.0.40219.1
Project("{FAE04EC0-301F-11D3-BF4B-00C04F79EFBC}") = "Almostengr.GardenMgr.Common", "Almostengr.GardenMgr.Common\Almostengr.GardenMgr.Common.csproj", "{C271EF13-F5F4-4C79-B7BE-123CFD758E0C}"
EndProject
Project("{FAE04EC0-301F-11D3-BF4B-00C04F79EFBC}") = "Almostengr.GardenMgr.Irrigation", "Almostengr.GardenMgr.Irrigation\Almostengr.GardenMgr.Irrigation.csproj", "{95EB46A2-9A68-4FF0-B51A-9E492E7598A7}"
EndProject
Project("{FAE04EC0-301F-11D3-BF4B-00C04F79EFBC}") = "Almostengr.GardenMgr.Api", "Almostengr.GardenMgr.Api\Almostengr.GardenMgr.Api.csproj", "{2AFE6133-D57B-4D2A-B612-31DC26D66EF9}"
EndProject
Project("{FAE04EC0-301F-11D3-BF4B-00C04F79EFBC}") = "Almostengr.GardenMgr.WeatherStation", "Almostengr.GardenMgr.WeatherStation\Almostengr.GardenMgr.WeatherStation.csproj", "{C314EB2C-DF91-4665-8AD2-1FF3AFFFD75F}"
EndProject
Global
	GlobalSection(SolutionProperties) = preSolution
		HideSolutionNode = FALSE
	EndGlobalSection
	GlobalSection(SolutionConfigurationPlatforms) = preSolution
		Debug|Any CPU = Debug|Any CPU
		Debug|x64 = Debug|x64
		Debug|x86 = Debug|x86
		Release|Any CPU = Release|Any CPU
		Release|x64 = Release|x64
		Release|x86 = Release|x86
	EndGlobalSection
	GlobalSection(ProjectConfigurationPlatforms) = postSolution
		{C271EF13-F5F4-4C79-B7BE-123CFD758E0C}.Debug|Any CPU.ActiveCfg = Debug|Any CPU
		{C271EF13-F5F4-4C79-B7BE-123CFD758E0C}.Debug|Any CPU.Build.0 = Debug|Any CPU
		{C271EF13-F5F4-4C79-B7BE-123CFD758E0C}.Debug|x64.ActiveCfg = Debug|Any CPU
		{C271EF13-F5F4-4C79-B7BE-123CFD758E0C}.Debug|x64.Build.0 = Debug|Any CPU
		{C271EF13-F5F4-4C79-B7BE-123CFD758E0C}.Debug|x86.ActiveCfg = Debug|Any CPU
		{C271EF13-F5F4-4C79-B7BE-123CFD758E0C}.Debug|x86.Build.0 = Debug|Any CPU
		{C271EF13-F5F4-4C79-B7BE-123CFD758E0C}.Release|Any CPU.ActiveCfg = Release|Any CPU
		{C271EF13-F5F4-4C79-B7BE-123CFD758E0C}.Release|Any CPU.Build.0 = Release|Any CPU
		{C271EF13-F5F4-4C79-B7BE-123CFD758E0C}.Release|x64.ActiveCfg = Release|Any CPU
		{C271EF13-F5F4-4C79-B7BE-123CFD758E0C}.Release|x64.Build.0 = Release|Any CPU
		{C271EF13-F5F4-4C79-B7BE-123CFD758E0C}.Release|x86.ActiveCfg = Release|Any CPU
		{C271EF13-F5F4-4C79-B7BE-123CFD758E0C}.Release|x86.Build.0 = Release|Any CPU
		{95EB46A2-9A68-4FF0-B51A-9E492E7598A7}.Debug|Any CPU.ActiveCfg = Debug|Any CPU
		{95EB46A2-9A68-4FF0-B51A-9E492E7598A7}.Debug|Any CPU.Build.0 = Debug|Any CPU
		{95EB46A2-9A68-4FF0-B51A-9E492E7598A7}.Debug|x64.ActiveCfg = Debug|Any CPU
		{95EB46A2-9A68-4FF0-B51A-9E492E7598A7}.Debug|x64.Build.0 = Debug|Any CPU
		{95EB46A2-9A68-4FF0-B51A-9E492E7598A7}.Debug|x86.ActiveCfg = Debug|Any CPU
		{95EB46A2-9A68-4FF0-B51A-9E492E7598A7}.Debug|x86.Build.0 = Debug|Any CPU
		{95EB46A2-9A68-4FF0-B51A-9E492E7598A7}.Release|Any CPU.ActiveCfg = Release|Any CPU
		{95EB46A2-9A68-4FF0-B51A-9E492E7598A7}.Release|Any CPU.Build.0 = Release|Any CPU
		{95EB46A2-9A68-4FF0-B51A-9E492E7598A7}.Release|x64.ActiveCfg = Release|Any CPU
		{95EB46A2-9A68-4FF0-B51A-9E492E7598A7}.Release|x64.Build.0 = Release|Any CPU
		{95EB46A2-9A68-4FF0-B51A-9E492E7598A7}.Release|x86.ActiveCfg = Release|Any CPU
		{95EB46A2-9A68-4FF0-B51A-9E492E7598A7}.Release|x86.Build.0 = Release|Any CPU
		{2AFE6133-D57B-4D2A-B612-31DC26D66EF9}.Debug|Any CPU.ActiveCfg = Debug|Any CPU
		{2AFE6133-D57B-4D2A-B612-31DC26D66EF9}.Debug|Any CPU.Build.0 = Debug|Any CPU
		{2AFE6133-D57B-4D2A-B612-31DC26D66EF9}.Debug|x64.ActiveCfg = Debug|Any CPU
		{2AFE6133-D57B-4D2A-B612-31DC26D66EF9}.Debug|x64.Build.0 = Debug|Any CPU
		{2AFE6133-D57B-4D2A-B612-31DC26D66EF9}.Debug|x86.ActiveCfg = Debug|Any CPU
		{2AFE6133-D57B-4D2A-B612-31DC26D66EF9}.Debug|x86.Build.0 = Debug|Any CPU
		{2AFE6133-D57B-4D2A-B612-31DC26D66EF9}.Release|Any CPU.ActiveCfg = Release|Any CPU
		{2AFE6133-D57B-4D2A-B612-31DC26D66EF9}.Release|Any CPU.Build.0 = Release|Any CPU
		{2AFE6133-D57B-4D2A-B612-31DC26D66EF9}.Release|x64.ActiveCfg = Release|Any CPU
		{2AFE6133-D57B-4D2A-B612-31DC26D66EF9}.Release|x64.Build.0 = Release|Any CPU
		{2AFE6133-D57B-4D2A-B612-31DC26D66EF9}.Release|x86.ActiveCfg = Release|Any CPU
		{2AFE6133-D57B-4D2A-B612-31DC26D66EF9}.Release|x86.Build.0 = Release|Any CPU
		{C314EB2C-DF91-4665-8AD2-1FF3AFFFD75F}.Debug|Any CPU.ActiveCfg = Debug|Any CPU
		{C314EB2C-DF91-4665-8AD2-1FF3AFFFD75F}.Debug|Any CPU.Build.0 = Debug|Any CPU
		{C314EB2C-DF91-4665-8AD2-1FF3AFFFD75F}.Debug|x64.ActiveCfg = Debug|Any CPU
		{C314EB2C-DF91-4665-8AD2-1FF3AFFFD75F}.Debug|x64.Build.0 = Debug|Any CPU
		{C314EB2C-DF91-4665-8AD2-1FF3AFFFD75F}.Debug|x86.ActiveCfg = Debug|Any CPU
		{C314EB2C-DF91-4665-8AD2-1FF3AFFFD75F}.Debug|x86.Build.0 = Debug|Any CPU
		{C314EB2C-DF91-4665-8AD2-1FF3AFFFD75F}.Release|Any CPU.ActiveCfg = Release|Any CPU
		{C314EB2C-DF91-4665-8AD2-1FF3AFFFD75F}.Release|Any CPU.Build.0 = Release|Any CPU
		{C314EB2C-DF91-4665-8AD2-1FF3AFFFD75F}.Release|x64.ActiveCfg = Release|Any CPU
		{C314EB2C-DF91-4665-8AD2-1FF3AFFFD75F}.Release|x64.Build.0 = Release|Any CPU
		{C314EB2C-DF91-4665-8AD2-1FF3AFFFD75F}.Release|x86.ActiveCfg = Release|Any CPU
		{C314EB2C-DF91-4665-8AD2-1FF3AFFFD75F}.Release|x86.Build.0 = Release|Any CPU
	EndGlobalSection
EndGlobal
